
Microsoft Visual Studio Solution File, Format Version 12.00
# Visual Studio 2013
VisualStudioVersion = 12.0.31101.0
MinimumVisualStudioVersion = 10.0.40219.1
Project("{FAE04EC0-301F-11D3-BF4B-00C04F79EFBC}") = "LocalNotifications.Plugin", "LocalNotifications\LocalNotifications.Plugin\LocalNotifications.Plugin.csproj", "{A6FCEF44-D2BA-42C7-B3CB-13667BCD7B54}"
EndProject
Project("{FAE04EC0-301F-11D3-BF4B-00C04F79EFBC}") = "LocalNotifications.Plugin.Abstractions", "LocalNotifications\LocalNotifications.Plugin.Abstractions\LocalNotifications.Plugin.Abstractions.csproj", "{6EDB0588-FFC5-4EF5-8A99-9E241D0F878D}"
EndProject
Project("{FAE04EC0-301F-11D3-BF4B-00C04F79EFBC}") = "LocalNotifications.Plugin.iOS", "LocalNotifications\LocalNotifications.Plugin.iOS\LocalNotifications.Plugin.iOS.csproj", "{D7F3AA16-8EF1-4924-9E0A-DAD4AB46B2EB}"
EndProject
Project("{FAE04EC0-301F-11D3-BF4B-00C04F79EFBC}") = "LocalNotifications.Plugin.iOSUnified", "LocalNotifications\LocalNotifications.Plugin.iOSUnified\LocalNotifications.Plugin.iOSUnified.csproj", "{2882AEEB-D4CD-4EB9-8A6C-6653B33681F0}"
EndProject
Project("{FAE04EC0-301F-11D3-BF4B-00C04F79EFBC}") = "LocalNotifications.Plugin.Android", "LocalNotifications\LocalNotifications.Plugin.Android\LocalNotifications.Plugin.Android.csproj", "{56A56F17-7DE1-4CA1-9617-BF32E971AC84}"
EndProject
Project("{FAE04EC0-301F-11D3-BF4B-00C04F79EFBC}") = "LocalNotifications.Plugin.WindowsPhone81", "LocalNotifications\LocalNotifications.Plugin.WindowsPhone81\LocalNotifications.Plugin.WindowsPhone81.csproj", "{7169373F-0B82-4E5D-9129-7CC3065B90FA}"
EndProject
Project("{FAE04EC0-301F-11D3-BF4B-00C04F79EFBC}") = "LocalNotifications.Plugin.WindowsStore", "LocalNotifications\LocalNotifications.Plugin.WindowsStore\LocalNotifications.Plugin.WindowsStore.csproj", "{ED9A4CA1-C04C-457D-9A2E-7995CCF12356}"
EndProject
Project("{2150E333-8FDC-42A3-9474-1A3956D46DE8}") = "Samples", "Samples", "{D03666C3-0716-45FE-A891-B51CC27D549A}"
EndProject
Project("{FAE04EC0-301F-11D3-BF4B-00C04F79EFBC}") = "LocalNotifications.Samples.iOS", "Samples\LocalNotifications.Samples.iOS\LocalNotifications.Samples.iOS.csproj", "{C35DDA36-12FA-40D1-9733-1F55CB9CC117}"
EndProject
Project("{FAE04EC0-301F-11D3-BF4B-00C04F79EFBC}") = "LocalNotifications.Samples.Forms.Droid", "Samples\LocalNotifications.Samples.Forms\LocalNotifications.Samples.Forms.Droid\LocalNotifications.Samples.Forms.Droid.csproj", "{C93B16FE-2308-4760-AC9B-3BC4B4F61003}"
EndProject
Project("{FAE04EC0-301F-11D3-BF4B-00C04F79EFBC}") = "LocalNotifications.Samples.Forms.iOS", "Samples\LocalNotifications.Samples.Forms\LocalNotifications.Samples.Forms.iOS\LocalNotifications.Samples.Forms.iOS.csproj", "{5CF1944F-371B-4C9B-9122-84156BA711E9}"
EndProject
Project("{FAE04EC0-301F-11D3-BF4B-00C04F79EFBC}") = "LocalNotifications.Samples.Forms", "Samples\LocalNotifications.Samples.Forms\LocalNotifications.Samples.Forms\LocalNotifications.Samples.Forms.csproj", "{0B65C2D9-A170-4C8B-A598-CFAB9E38F150}"
EndProject
Global
	GlobalSection(SolutionConfigurationPlatforms) = preSolution
		Ad-Hoc|Any CPU = Ad-Hoc|Any CPU
		Ad-Hoc|ARM = Ad-Hoc|ARM
		Ad-Hoc|iPhone = Ad-Hoc|iPhone
		Ad-Hoc|iPhoneSimulator = Ad-Hoc|iPhoneSimulator
		Ad-Hoc|Mixed Platforms = Ad-Hoc|Mixed Platforms
		Ad-Hoc|x64 = Ad-Hoc|x64
		Ad-Hoc|x86 = Ad-Hoc|x86
		AppStore|Any CPU = AppStore|Any CPU
		AppStore|ARM = AppStore|ARM
		AppStore|iPhone = AppStore|iPhone
		AppStore|iPhoneSimulator = AppStore|iPhoneSimulator
		AppStore|Mixed Platforms = AppStore|Mixed Platforms
		AppStore|x64 = AppStore|x64
		AppStore|x86 = AppStore|x86
		Debug|Any CPU = Debug|Any CPU
		Debug|ARM = Debug|ARM
		Debug|iPhone = Debug|iPhone
		Debug|iPhoneSimulator = Debug|iPhoneSimulator
		Debug|Mixed Platforms = Debug|Mixed Platforms
		Debug|x64 = Debug|x64
		Debug|x86 = Debug|x86
		Release|Any CPU = Release|Any CPU
		Release|ARM = Release|ARM
		Release|iPhone = Release|iPhone
		Release|iPhoneSimulator = Release|iPhoneSimulator
		Release|Mixed Platforms = Release|Mixed Platforms
		Release|x64 = Release|x64
		Release|x86 = Release|x86
	EndGlobalSection
	GlobalSection(ProjectConfigurationPlatforms) = postSolution
		{A6FCEF44-D2BA-42C7-B3CB-13667BCD7B54}.Ad-Hoc|Any CPU.ActiveCfg = Release|Any CPU
		{A6FCEF44-D2BA-42C7-B3CB-13667BCD7B54}.Ad-Hoc|Any CPU.Build.0 = Release|Any CPU
		{A6FCEF44-D2BA-42C7-B3CB-13667BCD7B54}.Ad-Hoc|ARM.ActiveCfg = Release|Any CPU
		{A6FCEF44-D2BA-42C7-B3CB-13667BCD7B54}.Ad-Hoc|iPhone.ActiveCfg = Release|Any CPU
		{A6FCEF44-D2BA-42C7-B3CB-13667BCD7B54}.Ad-Hoc|iPhoneSimulator.ActiveCfg = Release|Any CPU
		{A6FCEF44-D2BA-42C7-B3CB-13667BCD7B54}.Ad-Hoc|Mixed Platforms.ActiveCfg = Release|Any CPU
		{A6FCEF44-D2BA-42C7-B3CB-13667BCD7B54}.Ad-Hoc|Mixed Platforms.Build.0 = Release|Any CPU
		{A6FCEF44-D2BA-42C7-B3CB-13667BCD7B54}.Ad-Hoc|x64.ActiveCfg = Release|Any CPU
		{A6FCEF44-D2BA-42C7-B3CB-13667BCD7B54}.Ad-Hoc|x86.ActiveCfg = Release|Any CPU
		{A6FCEF44-D2BA-42C7-B3CB-13667BCD7B54}.AppStore|Any CPU.ActiveCfg = Release|Any CPU
		{A6FCEF44-D2BA-42C7-B3CB-13667BCD7B54}.AppStore|Any CPU.Build.0 = Release|Any CPU
		{A6FCEF44-D2BA-42C7-B3CB-13667BCD7B54}.AppStore|ARM.ActiveCfg = Release|Any CPU
		{A6FCEF44-D2BA-42C7-B3CB-13667BCD7B54}.AppStore|iPhone.ActiveCfg = Release|Any CPU
		{A6FCEF44-D2BA-42C7-B3CB-13667BCD7B54}.AppStore|iPhoneSimulator.ActiveCfg = Release|Any CPU
		{A6FCEF44-D2BA-42C7-B3CB-13667BCD7B54}.AppStore|Mixed Platforms.ActiveCfg = Release|Any CPU
		{A6FCEF44-D2BA-42C7-B3CB-13667BCD7B54}.AppStore|Mixed Platforms.Build.0 = Release|Any CPU
		{A6FCEF44-D2BA-42C7-B3CB-13667BCD7B54}.AppStore|x64.ActiveCfg = Release|Any CPU
		{A6FCEF44-D2BA-42C7-B3CB-13667BCD7B54}.AppStore|x86.ActiveCfg = Release|Any CPU
		{A6FCEF44-D2BA-42C7-B3CB-13667BCD7B54}.Debug|Any CPU.ActiveCfg = Debug|Any CPU
		{A6FCEF44-D2BA-42C7-B3CB-13667BCD7B54}.Debug|Any CPU.Build.0 = Debug|Any CPU
		{A6FCEF44-D2BA-42C7-B3CB-13667BCD7B54}.Debug|ARM.ActiveCfg = Debug|Any CPU
		{A6FCEF44-D2BA-42C7-B3CB-13667BCD7B54}.Debug|iPhone.ActiveCfg = Debug|Any CPU
		{A6FCEF44-D2BA-42C7-B3CB-13667BCD7B54}.Debug|iPhone.Build.0 = Debug|Any CPU
		{A6FCEF44-D2BA-42C7-B3CB-13667BCD7B54}.Debug|iPhoneSimulator.ActiveCfg = Debug|Any CPU
		{A6FCEF44-D2BA-42C7-B3CB-13667BCD7B54}.Debug|iPhoneSimulator.Build.0 = Debug|Any CPU
		{A6FCEF44-D2BA-42C7-B3CB-13667BCD7B54}.Debug|Mixed Platforms.ActiveCfg = Debug|Any CPU
		{A6FCEF44-D2BA-42C7-B3CB-13667BCD7B54}.Debug|Mixed Platforms.Build.0 = Debug|Any CPU
		{A6FCEF44-D2BA-42C7-B3CB-13667BCD7B54}.Debug|x64.ActiveCfg = Debug|Any CPU
		{A6FCEF44-D2BA-42C7-B3CB-13667BCD7B54}.Debug|x86.ActiveCfg = Debug|Any CPU
		{A6FCEF44-D2BA-42C7-B3CB-13667BCD7B54}.Release|Any CPU.ActiveCfg = Release|Any CPU
		{A6FCEF44-D2BA-42C7-B3CB-13667BCD7B54}.Release|Any CPU.Build.0 = Release|Any CPU
		{A6FCEF44-D2BA-42C7-B3CB-13667BCD7B54}.Release|ARM.ActiveCfg = Release|Any CPU
		{A6FCEF44-D2BA-42C7-B3CB-13667BCD7B54}.Release|iPhone.ActiveCfg = Release|Any CPU
		{A6FCEF44-D2BA-42C7-B3CB-13667BCD7B54}.Release|iPhone.Build.0 = Release|Any CPU
		{A6FCEF44-D2BA-42C7-B3CB-13667BCD7B54}.Release|iPhoneSimulator.ActiveCfg = Release|Any CPU
		{A6FCEF44-D2BA-42C7-B3CB-13667BCD7B54}.Release|Mixed Platforms.ActiveCfg = Release|Any CPU
		{A6FCEF44-D2BA-42C7-B3CB-13667BCD7B54}.Release|Mixed Platforms.Build.0 = Release|Any CPU
		{A6FCEF44-D2BA-42C7-B3CB-13667BCD7B54}.Release|x64.ActiveCfg = Release|Any CPU
		{A6FCEF44-D2BA-42C7-B3CB-13667BCD7B54}.Release|x86.ActiveCfg = Release|Any CPU
		{6EDB0588-FFC5-4EF5-8A99-9E241D0F878D}.Ad-Hoc|Any CPU.ActiveCfg = Release|Any CPU
		{6EDB0588-FFC5-4EF5-8A99-9E241D0F878D}.Ad-Hoc|Any CPU.Build.0 = Release|Any CPU
		{6EDB0588-FFC5-4EF5-8A99-9E241D0F878D}.Ad-Hoc|ARM.ActiveCfg = Release|Any CPU
		{6EDB0588-FFC5-4EF5-8A99-9E241D0F878D}.Ad-Hoc|iPhone.ActiveCfg = Release|Any CPU
		{6EDB0588-FFC5-4EF5-8A99-9E241D0F878D}.Ad-Hoc|iPhoneSimulator.ActiveCfg = Release|Any CPU
		{6EDB0588-FFC5-4EF5-8A99-9E241D0F878D}.Ad-Hoc|Mixed Platforms.ActiveCfg = Release|Any CPU
		{6EDB0588-FFC5-4EF5-8A99-9E241D0F878D}.Ad-Hoc|Mixed Platforms.Build.0 = Release|Any CPU
		{6EDB0588-FFC5-4EF5-8A99-9E241D0F878D}.Ad-Hoc|x64.ActiveCfg = Release|Any CPU
		{6EDB0588-FFC5-4EF5-8A99-9E241D0F878D}.Ad-Hoc|x86.ActiveCfg = Release|Any CPU
		{6EDB0588-FFC5-4EF5-8A99-9E241D0F878D}.AppStore|Any CPU.ActiveCfg = Release|Any CPU
		{6EDB0588-FFC5-4EF5-8A99-9E241D0F878D}.AppStore|Any CPU.Build.0 = Release|Any CPU
		{6EDB0588-FFC5-4EF5-8A99-9E241D0F878D}.AppStore|ARM.ActiveCfg = Release|Any CPU
		{6EDB0588-FFC5-4EF5-8A99-9E241D0F878D}.AppStore|iPhone.ActiveCfg = Release|Any CPU
		{6EDB0588-FFC5-4EF5-8A99-9E241D0F878D}.AppStore|iPhoneSimulator.ActiveCfg = Release|Any CPU
		{6EDB0588-FFC5-4EF5-8A99-9E241D0F878D}.AppStore|Mixed Platforms.ActiveCfg = Release|Any CPU
		{6EDB0588-FFC5-4EF5-8A99-9E241D0F878D}.AppStore|Mixed Platforms.Build.0 = Release|Any CPU
		{6EDB0588-FFC5-4EF5-8A99-9E241D0F878D}.AppStore|x64.ActiveCfg = Release|Any CPU
		{6EDB0588-FFC5-4EF5-8A99-9E241D0F878D}.AppStore|x86.ActiveCfg = Release|Any CPU
		{6EDB0588-FFC5-4EF5-8A99-9E241D0F878D}.Debug|Any CPU.ActiveCfg = Debug|Any CPU
		{6EDB0588-FFC5-4EF5-8A99-9E241D0F878D}.Debug|Any CPU.Build.0 = Debug|Any CPU
		{6EDB0588-FFC5-4EF5-8A99-9E241D0F878D}.Debug|ARM.ActiveCfg = Debug|Any CPU
		{6EDB0588-FFC5-4EF5-8A99-9E241D0F878D}.Debug|iPhone.ActiveCfg = Debug|Any CPU
		{6EDB0588-FFC5-4EF5-8A99-9E241D0F878D}.Debug|iPhone.Build.0 = Debug|Any CPU
		{6EDB0588-FFC5-4EF5-8A99-9E241D0F878D}.Debug|iPhoneSimulator.ActiveCfg = Debug|Any CPU
		{6EDB0588-FFC5-4EF5-8A99-9E241D0F878D}.Debug|iPhoneSimulator.Build.0 = Debug|Any CPU
		{6EDB0588-FFC5-4EF5-8A99-9E241D0F878D}.Debug|Mixed Platforms.ActiveCfg = Debug|Any CPU
		{6EDB0588-FFC5-4EF5-8A99-9E241D0F878D}.Debug|Mixed Platforms.Build.0 = Debug|Any CPU
		{6EDB0588-FFC5-4EF5-8A99-9E241D0F878D}.Debug|x64.ActiveCfg = Debug|Any CPU
		{6EDB0588-FFC5-4EF5-8A99-9E241D0F878D}.Debug|x86.ActiveCfg = Debug|Any CPU
		{6EDB0588-FFC5-4EF5-8A99-9E241D0F878D}.Release|Any CPU.ActiveCfg = Release|Any CPU
		{6EDB0588-FFC5-4EF5-8A99-9E241D0F878D}.Release|Any CPU.Build.0 = Release|Any CPU
		{6EDB0588-FFC5-4EF5-8A99-9E241D0F878D}.Release|ARM.ActiveCfg = Release|Any CPU
		{6EDB0588-FFC5-4EF5-8A99-9E241D0F878D}.Release|iPhone.ActiveCfg = Release|Any CPU
		{6EDB0588-FFC5-4EF5-8A99-9E241D0F878D}.Release|iPhone.Build.0 = Release|Any CPU
		{6EDB0588-FFC5-4EF5-8A99-9E241D0F878D}.Release|iPhoneSimulator.ActiveCfg = Release|Any CPU
		{6EDB0588-FFC5-4EF5-8A99-9E241D0F878D}.Release|Mixed Platforms.ActiveCfg = Release|Any CPU
		{6EDB0588-FFC5-4EF5-8A99-9E241D0F878D}.Release|Mixed Platforms.Build.0 = Release|Any CPU
		{6EDB0588-FFC5-4EF5-8A99-9E241D0F878D}.Release|x64.ActiveCfg = Release|Any CPU
		{6EDB0588-FFC5-4EF5-8A99-9E241D0F878D}.Release|x86.ActiveCfg = Release|Any CPU
		{D7F3AA16-8EF1-4924-9E0A-DAD4AB46B2EB}.Ad-Hoc|Any CPU.ActiveCfg = Release|Any CPU
		{D7F3AA16-8EF1-4924-9E0A-DAD4AB46B2EB}.Ad-Hoc|Any CPU.Build.0 = Release|Any CPU
		{D7F3AA16-8EF1-4924-9E0A-DAD4AB46B2EB}.Ad-Hoc|ARM.ActiveCfg = Release|Any CPU
		{D7F3AA16-8EF1-4924-9E0A-DAD4AB46B2EB}.Ad-Hoc|iPhone.ActiveCfg = Release|Any CPU
		{D7F3AA16-8EF1-4924-9E0A-DAD4AB46B2EB}.Ad-Hoc|iPhoneSimulator.ActiveCfg = Release|Any CPU
		{D7F3AA16-8EF1-4924-9E0A-DAD4AB46B2EB}.Ad-Hoc|Mixed Platforms.ActiveCfg = Release|Any CPU
		{D7F3AA16-8EF1-4924-9E0A-DAD4AB46B2EB}.Ad-Hoc|Mixed Platforms.Build.0 = Release|Any CPU
		{D7F3AA16-8EF1-4924-9E0A-DAD4AB46B2EB}.Ad-Hoc|x64.ActiveCfg = Release|Any CPU
		{D7F3AA16-8EF1-4924-9E0A-DAD4AB46B2EB}.Ad-Hoc|x86.ActiveCfg = Release|Any CPU
		{D7F3AA16-8EF1-4924-9E0A-DAD4AB46B2EB}.AppStore|Any CPU.ActiveCfg = Release|Any CPU
		{D7F3AA16-8EF1-4924-9E0A-DAD4AB46B2EB}.AppStore|Any CPU.Build.0 = Release|Any CPU
		{D7F3AA16-8EF1-4924-9E0A-DAD4AB46B2EB}.AppStore|ARM.ActiveCfg = Release|Any CPU
		{D7F3AA16-8EF1-4924-9E0A-DAD4AB46B2EB}.AppStore|iPhone.ActiveCfg = Release|Any CPU
		{D7F3AA16-8EF1-4924-9E0A-DAD4AB46B2EB}.AppStore|iPhoneSimulator.ActiveCfg = Release|Any CPU
		{D7F3AA16-8EF1-4924-9E0A-DAD4AB46B2EB}.AppStore|Mixed Platforms.ActiveCfg = Release|Any CPU
		{D7F3AA16-8EF1-4924-9E0A-DAD4AB46B2EB}.AppStore|Mixed Platforms.Build.0 = Release|Any CPU
		{D7F3AA16-8EF1-4924-9E0A-DAD4AB46B2EB}.AppStore|x64.ActiveCfg = Release|Any CPU
		{D7F3AA16-8EF1-4924-9E0A-DAD4AB46B2EB}.AppStore|x86.ActiveCfg = Release|Any CPU
		{D7F3AA16-8EF1-4924-9E0A-DAD4AB46B2EB}.Debug|Any CPU.ActiveCfg = Debug|Any CPU
		{D7F3AA16-8EF1-4924-9E0A-DAD4AB46B2EB}.Debug|Any CPU.Build.0 = Debug|Any CPU
		{D7F3AA16-8EF1-4924-9E0A-DAD4AB46B2EB}.Debug|ARM.ActiveCfg = Debug|Any CPU
		{D7F3AA16-8EF1-4924-9E0A-DAD4AB46B2EB}.Debug|iPhone.ActiveCfg = Debug|Any CPU
		{D7F3AA16-8EF1-4924-9E0A-DAD4AB46B2EB}.Debug|iPhone.Build.0 = Debug|Any CPU
		{D7F3AA16-8EF1-4924-9E0A-DAD4AB46B2EB}.Debug|iPhoneSimulator.ActiveCfg = Debug|Any CPU
		{D7F3AA16-8EF1-4924-9E0A-DAD4AB46B2EB}.Debug|iPhoneSimulator.Build.0 = Debug|Any CPU
		{D7F3AA16-8EF1-4924-9E0A-DAD4AB46B2EB}.Debug|Mixed Platforms.ActiveCfg = Debug|Any CPU
		{D7F3AA16-8EF1-4924-9E0A-DAD4AB46B2EB}.Debug|Mixed Platforms.Build.0 = Debug|Any CPU
		{D7F3AA16-8EF1-4924-9E0A-DAD4AB46B2EB}.Debug|x64.ActiveCfg = Debug|Any CPU
		{D7F3AA16-8EF1-4924-9E0A-DAD4AB46B2EB}.Debug|x86.ActiveCfg = Debug|Any CPU
		{D7F3AA16-8EF1-4924-9E0A-DAD4AB46B2EB}.Release|Any CPU.ActiveCfg = Release|Any CPU
		{D7F3AA16-8EF1-4924-9E0A-DAD4AB46B2EB}.Release|Any CPU.Build.0 = Release|Any CPU
		{D7F3AA16-8EF1-4924-9E0A-DAD4AB46B2EB}.Release|ARM.ActiveCfg = Release|Any CPU
		{D7F3AA16-8EF1-4924-9E0A-DAD4AB46B2EB}.Release|iPhone.ActiveCfg = Release|Any CPU
		{D7F3AA16-8EF1-4924-9E0A-DAD4AB46B2EB}.Release|iPhone.Build.0 = Release|Any CPU
		{D7F3AA16-8EF1-4924-9E0A-DAD4AB46B2EB}.Release|iPhoneSimulator.ActiveCfg = Release|Any CPU
		{D7F3AA16-8EF1-4924-9E0A-DAD4AB46B2EB}.Release|Mixed Platforms.ActiveCfg = Release|Any CPU
		{D7F3AA16-8EF1-4924-9E0A-DAD4AB46B2EB}.Release|Mixed Platforms.Build.0 = Release|Any CPU
		{D7F3AA16-8EF1-4924-9E0A-DAD4AB46B2EB}.Release|x64.ActiveCfg = Release|Any CPU
		{D7F3AA16-8EF1-4924-9E0A-DAD4AB46B2EB}.Release|x86.ActiveCfg = Release|Any CPU
		{2882AEEB-D4CD-4EB9-8A6C-6653B33681F0}.Ad-Hoc|Any CPU.ActiveCfg = Release|Any CPU
		{2882AEEB-D4CD-4EB9-8A6C-6653B33681F0}.Ad-Hoc|Any CPU.Build.0 = Release|Any CPU
		{2882AEEB-D4CD-4EB9-8A6C-6653B33681F0}.Ad-Hoc|ARM.ActiveCfg = Release|Any CPU
		{2882AEEB-D4CD-4EB9-8A6C-6653B33681F0}.Ad-Hoc|iPhone.ActiveCfg = Release|Any CPU
		{2882AEEB-D4CD-4EB9-8A6C-6653B33681F0}.Ad-Hoc|iPhoneSimulator.ActiveCfg = Release|Any CPU
		{2882AEEB-D4CD-4EB9-8A6C-6653B33681F0}.Ad-Hoc|Mixed Platforms.ActiveCfg = Release|Any CPU
		{2882AEEB-D4CD-4EB9-8A6C-6653B33681F0}.Ad-Hoc|Mixed Platforms.Build.0 = Release|Any CPU
		{2882AEEB-D4CD-4EB9-8A6C-6653B33681F0}.Ad-Hoc|x64.ActiveCfg = Release|Any CPU
		{2882AEEB-D4CD-4EB9-8A6C-6653B33681F0}.Ad-Hoc|x86.ActiveCfg = Release|Any CPU
		{2882AEEB-D4CD-4EB9-8A6C-6653B33681F0}.AppStore|Any CPU.ActiveCfg = Release|Any CPU
		{2882AEEB-D4CD-4EB9-8A6C-6653B33681F0}.AppStore|Any CPU.Build.0 = Release|Any CPU
		{2882AEEB-D4CD-4EB9-8A6C-6653B33681F0}.AppStore|ARM.ActiveCfg = Release|Any CPU
		{2882AEEB-D4CD-4EB9-8A6C-6653B33681F0}.AppStore|iPhone.ActiveCfg = Release|Any CPU
		{2882AEEB-D4CD-4EB9-8A6C-6653B33681F0}.AppStore|iPhoneSimulator.ActiveCfg = Release|Any CPU
		{2882AEEB-D4CD-4EB9-8A6C-6653B33681F0}.AppStore|Mixed Platforms.ActiveCfg = Release|Any CPU
		{2882AEEB-D4CD-4EB9-8A6C-6653B33681F0}.AppStore|Mixed Platforms.Build.0 = Release|Any CPU
		{2882AEEB-D4CD-4EB9-8A6C-6653B33681F0}.AppStore|x64.ActiveCfg = Release|Any CPU
		{2882AEEB-D4CD-4EB9-8A6C-6653B33681F0}.AppStore|x86.ActiveCfg = Release|Any CPU
		{2882AEEB-D4CD-4EB9-8A6C-6653B33681F0}.Debug|Any CPU.ActiveCfg = Debug|Any CPU
		{2882AEEB-D4CD-4EB9-8A6C-6653B33681F0}.Debug|ARM.ActiveCfg = Debug|Any CPU
		{2882AEEB-D4CD-4EB9-8A6C-6653B33681F0}.Debug|iPhone.ActiveCfg = Debug|Any CPU
		{2882AEEB-D4CD-4EB9-8A6C-6653B33681F0}.Debug|iPhone.Build.0 = Debug|Any CPU
		{2882AEEB-D4CD-4EB9-8A6C-6653B33681F0}.Debug|iPhoneSimulator.ActiveCfg = Debug|Any CPU
		{2882AEEB-D4CD-4EB9-8A6C-6653B33681F0}.Debug|iPhoneSimulator.Build.0 = Debug|Any CPU
		{2882AEEB-D4CD-4EB9-8A6C-6653B33681F0}.Debug|Mixed Platforms.ActiveCfg = Debug|Any CPU
		{2882AEEB-D4CD-4EB9-8A6C-6653B33681F0}.Debug|Mixed Platforms.Build.0 = Debug|Any CPU
		{2882AEEB-D4CD-4EB9-8A6C-6653B33681F0}.Debug|x64.ActiveCfg = Debug|Any CPU
		{2882AEEB-D4CD-4EB9-8A6C-6653B33681F0}.Debug|x86.ActiveCfg = Debug|Any CPU
		{2882AEEB-D4CD-4EB9-8A6C-6653B33681F0}.Release|Any CPU.ActiveCfg = Release|Any CPU
		{2882AEEB-D4CD-4EB9-8A6C-6653B33681F0}.Release|Any CPU.Build.0 = Release|Any CPU
		{2882AEEB-D4CD-4EB9-8A6C-6653B33681F0}.Release|ARM.ActiveCfg = Release|Any CPU
		{2882AEEB-D4CD-4EB9-8A6C-6653B33681F0}.Release|iPhone.ActiveCfg = Release|Any CPU
		{2882AEEB-D4CD-4EB9-8A6C-6653B33681F0}.Release|iPhone.Build.0 = Release|Any CPU
		{2882AEEB-D4CD-4EB9-8A6C-6653B33681F0}.Release|iPhoneSimulator.ActiveCfg = Release|Any CPU
		{2882AEEB-D4CD-4EB9-8A6C-6653B33681F0}.Release|Mixed Platforms.ActiveCfg = Release|Any CPU
		{2882AEEB-D4CD-4EB9-8A6C-6653B33681F0}.Release|Mixed Platforms.Build.0 = Release|Any CPU
		{2882AEEB-D4CD-4EB9-8A6C-6653B33681F0}.Release|x64.ActiveCfg = Release|Any CPU
		{2882AEEB-D4CD-4EB9-8A6C-6653B33681F0}.Release|x86.ActiveCfg = Release|Any CPU
		{56A56F17-7DE1-4CA1-9617-BF32E971AC84}.Ad-Hoc|Any CPU.ActiveCfg = Release|Any CPU
		{56A56F17-7DE1-4CA1-9617-BF32E971AC84}.Ad-Hoc|Any CPU.Build.0 = Release|Any CPU
		{56A56F17-7DE1-4CA1-9617-BF32E971AC84}.Ad-Hoc|ARM.ActiveCfg = Release|Any CPU
		{56A56F17-7DE1-4CA1-9617-BF32E971AC84}.Ad-Hoc|iPhone.ActiveCfg = Release|Any CPU
		{56A56F17-7DE1-4CA1-9617-BF32E971AC84}.Ad-Hoc|iPhoneSimulator.ActiveCfg = Release|Any CPU
		{56A56F17-7DE1-4CA1-9617-BF32E971AC84}.Ad-Hoc|Mixed Platforms.ActiveCfg = Release|Any CPU
		{56A56F17-7DE1-4CA1-9617-BF32E971AC84}.Ad-Hoc|Mixed Platforms.Build.0 = Release|Any CPU
		{56A56F17-7DE1-4CA1-9617-BF32E971AC84}.Ad-Hoc|x64.ActiveCfg = Release|Any CPU
		{56A56F17-7DE1-4CA1-9617-BF32E971AC84}.Ad-Hoc|x86.ActiveCfg = Release|Any CPU
		{56A56F17-7DE1-4CA1-9617-BF32E971AC84}.AppStore|Any CPU.ActiveCfg = Release|Any CPU
		{56A56F17-7DE1-4CA1-9617-BF32E971AC84}.AppStore|Any CPU.Build.0 = Release|Any CPU
		{56A56F17-7DE1-4CA1-9617-BF32E971AC84}.AppStore|ARM.ActiveCfg = Release|Any CPU
		{56A56F17-7DE1-4CA1-9617-BF32E971AC84}.AppStore|iPhone.ActiveCfg = Release|Any CPU
		{56A56F17-7DE1-4CA1-9617-BF32E971AC84}.AppStore|iPhoneSimulator.ActiveCfg = Release|Any CPU
		{56A56F17-7DE1-4CA1-9617-BF32E971AC84}.AppStore|Mixed Platforms.ActiveCfg = Release|Any CPU
		{56A56F17-7DE1-4CA1-9617-BF32E971AC84}.AppStore|Mixed Platforms.Build.0 = Release|Any CPU
		{56A56F17-7DE1-4CA1-9617-BF32E971AC84}.AppStore|x64.ActiveCfg = Release|Any CPU
		{56A56F17-7DE1-4CA1-9617-BF32E971AC84}.AppStore|x86.ActiveCfg = Release|Any CPU
		{56A56F17-7DE1-4CA1-9617-BF32E971AC84}.Debug|Any CPU.ActiveCfg = Debug|Any CPU
		{56A56F17-7DE1-4CA1-9617-BF32E971AC84}.Debug|Any CPU.Build.0 = Debug|Any CPU
		{56A56F17-7DE1-4CA1-9617-BF32E971AC84}.Debug|ARM.ActiveCfg = Debug|Any CPU
		{56A56F17-7DE1-4CA1-9617-BF32E971AC84}.Debug|iPhone.ActiveCfg = Debug|Any CPU
		{56A56F17-7DE1-4CA1-9617-BF32E971AC84}.Debug|iPhone.Build.0 = Debug|Any CPU
		{56A56F17-7DE1-4CA1-9617-BF32E971AC84}.Debug|iPhoneSimulator.ActiveCfg = Debug|Any CPU
		{56A56F17-7DE1-4CA1-9617-BF32E971AC84}.Debug|iPhoneSimulator.Build.0 = Debug|Any CPU
		{56A56F17-7DE1-4CA1-9617-BF32E971AC84}.Debug|Mixed Platforms.ActiveCfg = Debug|Any CPU
		{56A56F17-7DE1-4CA1-9617-BF32E971AC84}.Debug|Mixed Platforms.Build.0 = Debug|Any CPU
		{56A56F17-7DE1-4CA1-9617-BF32E971AC84}.Debug|x64.ActiveCfg = Debug|Any CPU
		{56A56F17-7DE1-4CA1-9617-BF32E971AC84}.Debug|x86.ActiveCfg = Debug|Any CPU
		{56A56F17-7DE1-4CA1-9617-BF32E971AC84}.Release|Any CPU.ActiveCfg = Release|Any CPU
		{56A56F17-7DE1-4CA1-9617-BF32E971AC84}.Release|Any CPU.Build.0 = Release|Any CPU
		{56A56F17-7DE1-4CA1-9617-BF32E971AC84}.Release|ARM.ActiveCfg = Release|Any CPU
		{56A56F17-7DE1-4CA1-9617-BF32E971AC84}.Release|iPhone.ActiveCfg = Release|Any CPU
		{56A56F17-7DE1-4CA1-9617-BF32E971AC84}.Release|iPhone.Build.0 = Release|Any CPU
		{56A56F17-7DE1-4CA1-9617-BF32E971AC84}.Release|iPhoneSimulator.ActiveCfg = Release|Any CPU
		{56A56F17-7DE1-4CA1-9617-BF32E971AC84}.Release|Mixed Platforms.ActiveCfg = Release|Any CPU
		{56A56F17-7DE1-4CA1-9617-BF32E971AC84}.Release|Mixed Platforms.Build.0 = Release|Any CPU
		{56A56F17-7DE1-4CA1-9617-BF32E971AC84}.Release|x64.ActiveCfg = Release|Any CPU
		{56A56F17-7DE1-4CA1-9617-BF32E971AC84}.Release|x86.ActiveCfg = Release|Any CPU
		{7169373F-0B82-4E5D-9129-7CC3065B90FA}.Ad-Hoc|Any CPU.ActiveCfg = Release|Any CPU
		{7169373F-0B82-4E5D-9129-7CC3065B90FA}.Ad-Hoc|Any CPU.Build.0 = Release|Any CPU
		{7169373F-0B82-4E5D-9129-7CC3065B90FA}.Ad-Hoc|ARM.ActiveCfg = Release|ARM
		{7169373F-0B82-4E5D-9129-7CC3065B90FA}.Ad-Hoc|ARM.Build.0 = Release|ARM
		{7169373F-0B82-4E5D-9129-7CC3065B90FA}.Ad-Hoc|iPhone.ActiveCfg = Release|Any CPU
		{7169373F-0B82-4E5D-9129-7CC3065B90FA}.Ad-Hoc|iPhoneSimulator.ActiveCfg = Release|Any CPU
		{7169373F-0B82-4E5D-9129-7CC3065B90FA}.Ad-Hoc|Mixed Platforms.ActiveCfg = Release|x86
		{7169373F-0B82-4E5D-9129-7CC3065B90FA}.Ad-Hoc|Mixed Platforms.Build.0 = Release|x86
		{7169373F-0B82-4E5D-9129-7CC3065B90FA}.Ad-Hoc|x64.ActiveCfg = Release|Any CPU
		{7169373F-0B82-4E5D-9129-7CC3065B90FA}.Ad-Hoc|x86.ActiveCfg = Release|x86
		{7169373F-0B82-4E5D-9129-7CC3065B90FA}.Ad-Hoc|x86.Build.0 = Release|x86
		{7169373F-0B82-4E5D-9129-7CC3065B90FA}.AppStore|Any CPU.ActiveCfg = Release|Any CPU
		{7169373F-0B82-4E5D-9129-7CC3065B90FA}.AppStore|Any CPU.Build.0 = Release|Any CPU
		{7169373F-0B82-4E5D-9129-7CC3065B90FA}.AppStore|ARM.ActiveCfg = Release|ARM
		{7169373F-0B82-4E5D-9129-7CC3065B90FA}.AppStore|ARM.Build.0 = Release|ARM
		{7169373F-0B82-4E5D-9129-7CC3065B90FA}.AppStore|iPhone.ActiveCfg = Release|Any CPU
		{7169373F-0B82-4E5D-9129-7CC3065B90FA}.AppStore|iPhoneSimulator.ActiveCfg = Release|Any CPU
		{7169373F-0B82-4E5D-9129-7CC3065B90FA}.AppStore|Mixed Platforms.ActiveCfg = Release|x86
		{7169373F-0B82-4E5D-9129-7CC3065B90FA}.AppStore|Mixed Platforms.Build.0 = Release|x86
		{7169373F-0B82-4E5D-9129-7CC3065B90FA}.AppStore|x64.ActiveCfg = Release|Any CPU
		{7169373F-0B82-4E5D-9129-7CC3065B90FA}.AppStore|x86.ActiveCfg = Release|x86
		{7169373F-0B82-4E5D-9129-7CC3065B90FA}.AppStore|x86.Build.0 = Release|x86
		{7169373F-0B82-4E5D-9129-7CC3065B90FA}.Debug|Any CPU.ActiveCfg = Debug|Any CPU
		{7169373F-0B82-4E5D-9129-7CC3065B90FA}.Debug|Any CPU.Build.0 = Debug|Any CPU
		{7169373F-0B82-4E5D-9129-7CC3065B90FA}.Debug|ARM.ActiveCfg = Debug|ARM
		{7169373F-0B82-4E5D-9129-7CC3065B90FA}.Debug|ARM.Build.0 = Debug|ARM
		{7169373F-0B82-4E5D-9129-7CC3065B90FA}.Debug|iPhone.ActiveCfg = Debug|Any CPU
		{7169373F-0B82-4E5D-9129-7CC3065B90FA}.Debug|iPhone.Build.0 = Debug|Any CPU
		{7169373F-0B82-4E5D-9129-7CC3065B90FA}.Debug|iPhoneSimulator.ActiveCfg = Debug|Any CPU
		{7169373F-0B82-4E5D-9129-7CC3065B90FA}.Debug|iPhoneSimulator.Build.0 = Debug|Any CPU
		{7169373F-0B82-4E5D-9129-7CC3065B90FA}.Debug|Mixed Platforms.ActiveCfg = Debug|x86
		{7169373F-0B82-4E5D-9129-7CC3065B90FA}.Debug|Mixed Platforms.Build.0 = Debug|x86
		{7169373F-0B82-4E5D-9129-7CC3065B90FA}.Debug|x64.ActiveCfg = Debug|Any CPU
		{7169373F-0B82-4E5D-9129-7CC3065B90FA}.Debug|x86.ActiveCfg = Debug|x86
		{7169373F-0B82-4E5D-9129-7CC3065B90FA}.Debug|x86.Build.0 = Debug|x86
		{7169373F-0B82-4E5D-9129-7CC3065B90FA}.Release|Any CPU.ActiveCfg = Release|Any CPU
		{7169373F-0B82-4E5D-9129-7CC3065B90FA}.Release|Any CPU.Build.0 = Release|Any CPU
		{7169373F-0B82-4E5D-9129-7CC3065B90FA}.Release|ARM.ActiveCfg = Release|ARM
		{7169373F-0B82-4E5D-9129-7CC3065B90FA}.Release|ARM.Build.0 = Release|ARM
		{7169373F-0B82-4E5D-9129-7CC3065B90FA}.Release|iPhone.ActiveCfg = Release|Any CPU
		{7169373F-0B82-4E5D-9129-7CC3065B90FA}.Release|iPhone.Build.0 = Release|Any CPU
		{7169373F-0B82-4E5D-9129-7CC3065B90FA}.Release|iPhoneSimulator.ActiveCfg = Release|Any CPU
		{7169373F-0B82-4E5D-9129-7CC3065B90FA}.Release|Mixed Platforms.ActiveCfg = Release|x86
		{7169373F-0B82-4E5D-9129-7CC3065B90FA}.Release|Mixed Platforms.Build.0 = Release|x86
		{7169373F-0B82-4E5D-9129-7CC3065B90FA}.Release|x64.ActiveCfg = Release|Any CPU
		{7169373F-0B82-4E5D-9129-7CC3065B90FA}.Release|x86.ActiveCfg = Release|x86
		{7169373F-0B82-4E5D-9129-7CC3065B90FA}.Release|x86.Build.0 = Release|x86
		{ED9A4CA1-C04C-457D-9A2E-7995CCF12356}.Ad-Hoc|Any CPU.ActiveCfg = Release|Any CPU
		{ED9A4CA1-C04C-457D-9A2E-7995CCF12356}.Ad-Hoc|ARM.ActiveCfg = Release|ARM
		{ED9A4CA1-C04C-457D-9A2E-7995CCF12356}.Ad-Hoc|iPhone.ActiveCfg = Release|Any CPU
		{ED9A4CA1-C04C-457D-9A2E-7995CCF12356}.Ad-Hoc|iPhoneSimulator.ActiveCfg = Release|Any CPU
		{ED9A4CA1-C04C-457D-9A2E-7995CCF12356}.Ad-Hoc|Mixed Platforms.ActiveCfg = Release|x86
		{ED9A4CA1-C04C-457D-9A2E-7995CCF12356}.Ad-Hoc|x64.ActiveCfg = Release|x64
		{ED9A4CA1-C04C-457D-9A2E-7995CCF12356}.Ad-Hoc|x86.ActiveCfg = Release|x86
		{ED9A4CA1-C04C-457D-9A2E-7995CCF12356}.AppStore|Any CPU.ActiveCfg = Release|Any CPU
		{ED9A4CA1-C04C-457D-9A2E-7995CCF12356}.AppStore|ARM.ActiveCfg = Release|ARM
		{ED9A4CA1-C04C-457D-9A2E-7995CCF12356}.AppStore|iPhone.ActiveCfg = Release|Any CPU
		{ED9A4CA1-C04C-457D-9A2E-7995CCF12356}.AppStore|iPhoneSimulator.ActiveCfg = Release|Any CPU
		{ED9A4CA1-C04C-457D-9A2E-7995CCF12356}.AppStore|Mixed Platforms.ActiveCfg = Release|x86
		{ED9A4CA1-C04C-457D-9A2E-7995CCF12356}.AppStore|x64.ActiveCfg = Release|x64
		{ED9A4CA1-C04C-457D-9A2E-7995CCF12356}.AppStore|x86.ActiveCfg = Release|x86
		{ED9A4CA1-C04C-457D-9A2E-7995CCF12356}.Debug|Any CPU.ActiveCfg = Debug|Any CPU
		{ED9A4CA1-C04C-457D-9A2E-7995CCF12356}.Debug|ARM.ActiveCfg = Debug|ARM
		{ED9A4CA1-C04C-457D-9A2E-7995CCF12356}.Debug|ARM.Build.0 = Debug|ARM
		{ED9A4CA1-C04C-457D-9A2E-7995CCF12356}.Debug|iPhone.ActiveCfg = Debug|Any CPU
		{ED9A4CA1-C04C-457D-9A2E-7995CCF12356}.Debug|iPhone.Build.0 = Debug|Any CPU
		{ED9A4CA1-C04C-457D-9A2E-7995CCF12356}.Debug|iPhoneSimulator.ActiveCfg = Debug|Any CPU
		{ED9A4CA1-C04C-457D-9A2E-7995CCF12356}.Debug|Mixed Platforms.ActiveCfg = Debug|x86
		{ED9A4CA1-C04C-457D-9A2E-7995CCF12356}.Debug|x64.ActiveCfg = Debug|x64
		{ED9A4CA1-C04C-457D-9A2E-7995CCF12356}.Debug|x64.Build.0 = Debug|x64
		{ED9A4CA1-C04C-457D-9A2E-7995CCF12356}.Debug|x86.ActiveCfg = Debug|x86
		{ED9A4CA1-C04C-457D-9A2E-7995CCF12356}.Debug|x86.Build.0 = Debug|x86
		{ED9A4CA1-C04C-457D-9A2E-7995CCF12356}.Release|Any CPU.ActiveCfg = Release|Any CPU
		{ED9A4CA1-C04C-457D-9A2E-7995CCF12356}.Release|Any CPU.Build.0 = Release|Any CPU
		{ED9A4CA1-C04C-457D-9A2E-7995CCF12356}.Release|ARM.ActiveCfg = Release|ARM
		{ED9A4CA1-C04C-457D-9A2E-7995CCF12356}.Release|ARM.Build.0 = Release|ARM
		{ED9A4CA1-C04C-457D-9A2E-7995CCF12356}.Release|iPhone.ActiveCfg = Release|Any CPU
		{ED9A4CA1-C04C-457D-9A2E-7995CCF12356}.Release|iPhone.Build.0 = Release|Any CPU
		{ED9A4CA1-C04C-457D-9A2E-7995CCF12356}.Release|iPhoneSimulator.ActiveCfg = Release|Any CPU
		{ED9A4CA1-C04C-457D-9A2E-7995CCF12356}.Release|Mixed Platforms.ActiveCfg = Release|x86
		{ED9A4CA1-C04C-457D-9A2E-7995CCF12356}.Release|x64.ActiveCfg = Release|x64
		{ED9A4CA1-C04C-457D-9A2E-7995CCF12356}.Release|x64.Build.0 = Release|x64
		{ED9A4CA1-C04C-457D-9A2E-7995CCF12356}.Release|x86.ActiveCfg = Release|x86
		{ED9A4CA1-C04C-457D-9A2E-7995CCF12356}.Release|x86.Build.0 = Release|x86
		{C35DDA36-12FA-40D1-9733-1F55CB9CC117}.Ad-Hoc|Any CPU.ActiveCfg = Ad-Hoc|iPhone
		{C35DDA36-12FA-40D1-9733-1F55CB9CC117}.Ad-Hoc|ARM.ActiveCfg = Ad-Hoc|iPhone
		{C35DDA36-12FA-40D1-9733-1F55CB9CC117}.Ad-Hoc|iPhone.ActiveCfg = Ad-Hoc|iPhone
		{C35DDA36-12FA-40D1-9733-1F55CB9CC117}.Ad-Hoc|iPhone.Build.0 = Ad-Hoc|iPhone
		{C35DDA36-12FA-40D1-9733-1F55CB9CC117}.Ad-Hoc|iPhoneSimulator.ActiveCfg = Ad-Hoc|iPhoneSimulator
		{C35DDA36-12FA-40D1-9733-1F55CB9CC117}.Ad-Hoc|iPhoneSimulator.Build.0 = Ad-Hoc|iPhoneSimulator
		{C35DDA36-12FA-40D1-9733-1F55CB9CC117}.Ad-Hoc|Mixed Platforms.ActiveCfg = Ad-Hoc|iPhone
		{C35DDA36-12FA-40D1-9733-1F55CB9CC117}.Ad-Hoc|Mixed Platforms.Build.0 = Ad-Hoc|iPhone
		{C35DDA36-12FA-40D1-9733-1F55CB9CC117}.Ad-Hoc|x64.ActiveCfg = Ad-Hoc|iPhone
		{C35DDA36-12FA-40D1-9733-1F55CB9CC117}.Ad-Hoc|x86.ActiveCfg = Ad-Hoc|iPhone
		{C35DDA36-12FA-40D1-9733-1F55CB9CC117}.AppStore|Any CPU.ActiveCfg = AppStore|iPhone
		{C35DDA36-12FA-40D1-9733-1F55CB9CC117}.AppStore|ARM.ActiveCfg = AppStore|iPhone
		{C35DDA36-12FA-40D1-9733-1F55CB9CC117}.AppStore|iPhone.ActiveCfg = AppStore|iPhone
		{C35DDA36-12FA-40D1-9733-1F55CB9CC117}.AppStore|iPhone.Build.0 = AppStore|iPhone
		{C35DDA36-12FA-40D1-9733-1F55CB9CC117}.AppStore|iPhoneSimulator.ActiveCfg = AppStore|iPhoneSimulator
		{C35DDA36-12FA-40D1-9733-1F55CB9CC117}.AppStore|iPhoneSimulator.Build.0 = AppStore|iPhoneSimulator
		{C35DDA36-12FA-40D1-9733-1F55CB9CC117}.AppStore|Mixed Platforms.ActiveCfg = AppStore|iPhone
		{C35DDA36-12FA-40D1-9733-1F55CB9CC117}.AppStore|Mixed Platforms.Build.0 = AppStore|iPhone
		{C35DDA36-12FA-40D1-9733-1F55CB9CC117}.AppStore|x64.ActiveCfg = AppStore|iPhone
		{C35DDA36-12FA-40D1-9733-1F55CB9CC117}.AppStore|x86.ActiveCfg = AppStore|iPhone
		{C35DDA36-12FA-40D1-9733-1F55CB9CC117}.Debug|Any CPU.ActiveCfg = Debug|iPhone
		{C35DDA36-12FA-40D1-9733-1F55CB9CC117}.Debug|ARM.ActiveCfg = Debug|iPhone
		{C35DDA36-12FA-40D1-9733-1F55CB9CC117}.Debug|iPhone.ActiveCfg = Debug|iPhone
		{C35DDA36-12FA-40D1-9733-1F55CB9CC117}.Debug|iPhone.Build.0 = Debug|iPhone
		{C35DDA36-12FA-40D1-9733-1F55CB9CC117}.Debug|iPhoneSimulator.ActiveCfg = Debug|iPhoneSimulator
		{C35DDA36-12FA-40D1-9733-1F55CB9CC117}.Debug|iPhoneSimulator.Build.0 = Debug|iPhoneSimulator
		{C35DDA36-12FA-40D1-9733-1F55CB9CC117}.Debug|Mixed Platforms.ActiveCfg = Debug|iPhone
		{C35DDA36-12FA-40D1-9733-1F55CB9CC117}.Debug|Mixed Platforms.Build.0 = Debug|iPhone
		{C35DDA36-12FA-40D1-9733-1F55CB9CC117}.Debug|x64.ActiveCfg = Debug|iPhone
		{C35DDA36-12FA-40D1-9733-1F55CB9CC117}.Debug|x86.ActiveCfg = Debug|iPhone
		{C35DDA36-12FA-40D1-9733-1F55CB9CC117}.Release|Any CPU.ActiveCfg = Release|iPhone
		{C35DDA36-12FA-40D1-9733-1F55CB9CC117}.Release|ARM.ActiveCfg = Release|iPhone
		{C35DDA36-12FA-40D1-9733-1F55CB9CC117}.Release|iPhone.ActiveCfg = Release|iPhone
		{C35DDA36-12FA-40D1-9733-1F55CB9CC117}.Release|iPhone.Build.0 = Release|iPhone
		{C35DDA36-12FA-40D1-9733-1F55CB9CC117}.Release|iPhoneSimulator.ActiveCfg = Release|iPhoneSimulator
		{C35DDA36-12FA-40D1-9733-1F55CB9CC117}.Release|iPhoneSimulator.Build.0 = Release|iPhoneSimulator
		{C35DDA36-12FA-40D1-9733-1F55CB9CC117}.Release|Mixed Platforms.ActiveCfg = Release|iPhone
		{C35DDA36-12FA-40D1-9733-1F55CB9CC117}.Release|Mixed Platforms.Build.0 = Release|iPhone
		{C35DDA36-12FA-40D1-9733-1F55CB9CC117}.Release|x64.ActiveCfg = Release|iPhone
		{C35DDA36-12FA-40D1-9733-1F55CB9CC117}.Release|x86.ActiveCfg = Release|iPhone
		{C93B16FE-2308-4760-AC9B-3BC4B4F61003}.Ad-Hoc|Any CPU.ActiveCfg = Release|Any CPU
		{C93B16FE-2308-4760-AC9B-3BC4B4F61003}.Ad-Hoc|Any CPU.Build.0 = Release|Any CPU
		{C93B16FE-2308-4760-AC9B-3BC4B4F61003}.Ad-Hoc|Any CPU.Deploy.0 = Release|Any CPU
		{C93B16FE-2308-4760-AC9B-3BC4B4F61003}.Ad-Hoc|ARM.ActiveCfg = Release|Any CPU
		{C93B16FE-2308-4760-AC9B-3BC4B4F61003}.Ad-Hoc|iPhone.ActiveCfg = Release|Any CPU
		{C93B16FE-2308-4760-AC9B-3BC4B4F61003}.Ad-Hoc|iPhoneSimulator.ActiveCfg = Release|Any CPU
		{C93B16FE-2308-4760-AC9B-3BC4B4F61003}.Ad-Hoc|Mixed Platforms.ActiveCfg = Release|Any CPU
		{C93B16FE-2308-4760-AC9B-3BC4B4F61003}.Ad-Hoc|Mixed Platforms.Build.0 = Release|Any CPU
		{C93B16FE-2308-4760-AC9B-3BC4B4F61003}.Ad-Hoc|Mixed Platforms.Deploy.0 = Release|Any CPU
		{C93B16FE-2308-4760-AC9B-3BC4B4F61003}.Ad-Hoc|x64.ActiveCfg = Release|Any CPU
		{C93B16FE-2308-4760-AC9B-3BC4B4F61003}.Ad-Hoc|x86.ActiveCfg = Release|Any CPU
		{C93B16FE-2308-4760-AC9B-3BC4B4F61003}.AppStore|Any CPU.ActiveCfg = Release|Any CPU
		{C93B16FE-2308-4760-AC9B-3BC4B4F61003}.AppStore|Any CPU.Build.0 = Release|Any CPU
		{C93B16FE-2308-4760-AC9B-3BC4B4F61003}.AppStore|Any CPU.Deploy.0 = Release|Any CPU
		{C93B16FE-2308-4760-AC9B-3BC4B4F61003}.AppStore|ARM.ActiveCfg = Release|Any CPU
		{C93B16FE-2308-4760-AC9B-3BC4B4F61003}.AppStore|iPhone.ActiveCfg = Release|Any CPU
		{C93B16FE-2308-4760-AC9B-3BC4B4F61003}.AppStore|iPhoneSimulator.ActiveCfg = Release|Any CPU
		{C93B16FE-2308-4760-AC9B-3BC4B4F61003}.AppStore|Mixed Platforms.ActiveCfg = Release|Any CPU
		{C93B16FE-2308-4760-AC9B-3BC4B4F61003}.AppStore|Mixed Platforms.Build.0 = Release|Any CPU
		{C93B16FE-2308-4760-AC9B-3BC4B4F61003}.AppStore|Mixed Platforms.Deploy.0 = Release|Any CPU
		{C93B16FE-2308-4760-AC9B-3BC4B4F61003}.AppStore|x64.ActiveCfg = Release|Any CPU
		{C93B16FE-2308-4760-AC9B-3BC4B4F61003}.AppStore|x86.ActiveCfg = Release|Any CPU
		{C93B16FE-2308-4760-AC9B-3BC4B4F61003}.Debug|Any CPU.ActiveCfg = Debug|Any CPU
		{C93B16FE-2308-4760-AC9B-3BC4B4F61003}.Debug|Any CPU.Build.0 = Debug|Any CPU
		{C93B16FE-2308-4760-AC9B-3BC4B4F61003}.Debug|Any CPU.Deploy.0 = Debug|Any CPU
		{C93B16FE-2308-4760-AC9B-3BC4B4F61003}.Debug|ARM.ActiveCfg = Debug|Any CPU
		{C93B16FE-2308-4760-AC9B-3BC4B4F61003}.Debug|iPhone.ActiveCfg = Debug|Any CPU
		{C93B16FE-2308-4760-AC9B-3BC4B4F61003}.Debug|iPhoneSimulator.ActiveCfg = Debug|Any CPU
		{C93B16FE-2308-4760-AC9B-3BC4B4F61003}.Debug|Mixed Platforms.ActiveCfg = Debug|Any CPU
		{C93B16FE-2308-4760-AC9B-3BC4B4F61003}.Debug|Mixed Platforms.Build.0 = Debug|Any CPU
		{C93B16FE-2308-4760-AC9B-3BC4B4F61003}.Debug|Mixed Platforms.Deploy.0 = Debug|Any CPU
		{C93B16FE-2308-4760-AC9B-3BC4B4F61003}.Debug|x64.ActiveCfg = Debug|Any CPU
		{C93B16FE-2308-4760-AC9B-3BC4B4F61003}.Debug|x86.ActiveCfg = Debug|Any CPU
		{C93B16FE-2308-4760-AC9B-3BC4B4F61003}.Release|Any CPU.ActiveCfg = Release|Any CPU
		{C93B16FE-2308-4760-AC9B-3BC4B4F61003}.Release|Any CPU.Build.0 = Release|Any CPU
		{C93B16FE-2308-4760-AC9B-3BC4B4F61003}.Release|Any CPU.Deploy.0 = Release|Any CPU
		{C93B16FE-2308-4760-AC9B-3BC4B4F61003}.Release|ARM.ActiveCfg = Release|Any CPU
		{C93B16FE-2308-4760-AC9B-3BC4B4F61003}.Release|iPhone.ActiveCfg = Release|Any CPU
		{C93B16FE-2308-4760-AC9B-3BC4B4F61003}.Release|iPhoneSimulator.ActiveCfg = Release|Any CPU
		{C93B16FE-2308-4760-AC9B-3BC4B4F61003}.Release|Mixed Platforms.ActiveCfg = Release|Any CPU
		{C93B16FE-2308-4760-AC9B-3BC4B4F61003}.Release|Mixed Platforms.Build.0 = Release|Any CPU
		{C93B16FE-2308-4760-AC9B-3BC4B4F61003}.Release|Mixed Platforms.Deploy.0 = Release|Any CPU
		{C93B16FE-2308-4760-AC9B-3BC4B4F61003}.Release|x64.ActiveCfg = Release|Any CPU
		{C93B16FE-2308-4760-AC9B-3BC4B4F61003}.Release|x86.ActiveCfg = Release|Any CPU
		{5CF1944F-371B-4C9B-9122-84156BA711E9}.Ad-Hoc|Any CPU.ActiveCfg = Ad-Hoc|iPhone
		{5CF1944F-371B-4C9B-9122-84156BA711E9}.Ad-Hoc|ARM.ActiveCfg = Ad-Hoc|iPhone
		{5CF1944F-371B-4C9B-9122-84156BA711E9}.Ad-Hoc|iPhone.ActiveCfg = Ad-Hoc|iPhone
		{5CF1944F-371B-4C9B-9122-84156BA711E9}.Ad-Hoc|iPhone.Build.0 = Ad-Hoc|iPhone
		{5CF1944F-371B-4C9B-9122-84156BA711E9}.Ad-Hoc|iPhoneSimulator.ActiveCfg = Ad-Hoc|iPhoneSimulator
		{5CF1944F-371B-4C9B-9122-84156BA711E9}.Ad-Hoc|iPhoneSimulator.Build.0 = Ad-Hoc|iPhoneSimulator
		{5CF1944F-371B-4C9B-9122-84156BA711E9}.Ad-Hoc|Mixed Platforms.ActiveCfg = Ad-Hoc|iPhone
		{5CF1944F-371B-4C9B-9122-84156BA711E9}.Ad-Hoc|Mixed Platforms.Build.0 = Ad-Hoc|iPhone
		{5CF1944F-371B-4C9B-9122-84156BA711E9}.Ad-Hoc|x64.ActiveCfg = Ad-Hoc|iPhone
		{5CF1944F-371B-4C9B-9122-84156BA711E9}.Ad-Hoc|x86.ActiveCfg = Ad-Hoc|iPhone
		{5CF1944F-371B-4C9B-9122-84156BA711E9}.AppStore|Any CPU.ActiveCfg = AppStore|iPhone
		{5CF1944F-371B-4C9B-9122-84156BA711E9}.AppStore|ARM.ActiveCfg = AppStore|iPhone
		{5CF1944F-371B-4C9B-9122-84156BA711E9}.AppStore|iPhone.ActiveCfg = AppStore|iPhone
		{5CF1944F-371B-4C9B-9122-84156BA711E9}.AppStore|iPhone.Build.0 = AppStore|iPhone
		{5CF1944F-371B-4C9B-9122-84156BA711E9}.AppStore|iPhoneSimulator.ActiveCfg = AppStore|iPhoneSimulator
		{5CF1944F-371B-4C9B-9122-84156BA711E9}.AppStore|iPhoneSimulator.Build.0 = AppStore|iPhoneSimulator
		{5CF1944F-371B-4C9B-9122-84156BA711E9}.AppStore|Mixed Platforms.ActiveCfg = AppStore|iPhone
		{5CF1944F-371B-4C9B-9122-84156BA711E9}.AppStore|Mixed Platforms.Build.0 = AppStore|iPhone
		{5CF1944F-371B-4C9B-9122-84156BA711E9}.AppStore|x64.ActiveCfg = AppStore|iPhone
		{5CF1944F-371B-4C9B-9122-84156BA711E9}.AppStore|x86.ActiveCfg = AppStore|iPhone
		{5CF1944F-371B-4C9B-9122-84156BA711E9}.Debug|Any CPU.ActiveCfg = Debug|iPhone
		{5CF1944F-371B-4C9B-9122-84156BA711E9}.Debug|ARM.ActiveCfg = Debug|iPhone
		{5CF1944F-371B-4C9B-9122-84156BA711E9}.Debug|iPhone.ActiveCfg = Debug|iPhone
		{5CF1944F-371B-4C9B-9122-84156BA711E9}.Debug|iPhone.Build.0 = Debug|iPhone
		{5CF1944F-371B-4C9B-9122-84156BA711E9}.Debug|iPhoneSimulator.ActiveCfg = Debug|iPhoneSimulator
		{5CF1944F-371B-4C9B-9122-84156BA711E9}.Debug|iPhoneSimulator.Build.0 = Debug|iPhoneSimulator
		{5CF1944F-371B-4C9B-9122-84156BA711E9}.Debug|Mixed Platforms.ActiveCfg = Debug|iPhone
		{5CF1944F-371B-4C9B-9122-84156BA711E9}.Debug|Mixed Platforms.Build.0 = Debug|iPhone
		{5CF1944F-371B-4C9B-9122-84156BA711E9}.Debug|x64.ActiveCfg = Debug|iPhone
		{5CF1944F-371B-4C9B-9122-84156BA711E9}.Debug|x86.ActiveCfg = Debug|iPhone
		{5CF1944F-371B-4C9B-9122-84156BA711E9}.Release|Any CPU.ActiveCfg = Release|iPhone
		{5CF1944F-371B-4C9B-9122-84156BA711E9}.Release|ARM.ActiveCfg = Release|iPhone
		{5CF1944F-371B-4C9B-9122-84156BA711E9}.Release|iPhone.ActiveCfg = Release|iPhone
		{5CF1944F-371B-4C9B-9122-84156BA711E9}.Release|iPhone.Build.0 = Release|iPhone
		{5CF1944F-371B-4C9B-9122-84156BA711E9}.Release|iPhoneSimulator.ActiveCfg = Release|iPhoneSimulator
		{5CF1944F-371B-4C9B-9122-84156BA711E9}.Release|iPhoneSimulator.Build.0 = Release|iPhoneSimulator
		{5CF1944F-371B-4C9B-9122-84156BA711E9}.Release|Mixed Platforms.ActiveCfg = Release|iPhone
		{5CF1944F-371B-4C9B-9122-84156BA711E9}.Release|Mixed Platforms.Build.0 = Release|iPhone
		{5CF1944F-371B-4C9B-9122-84156BA711E9}.Release|x64.ActiveCfg = Release|iPhone
		{5CF1944F-371B-4C9B-9122-84156BA711E9}.Release|x86.ActiveCfg = Release|iPhone
		{0B65C2D9-A170-4C8B-A598-CFAB9E38F150}.Ad-Hoc|Any CPU.ActiveCfg = Release|Any CPU
		{0B65C2D9-A170-4C8B-A598-CFAB9E38F150}.Ad-Hoc|Any CPU.Build.0 = Release|Any CPU
		{0B65C2D9-A170-4C8B-A598-CFAB9E38F150}.Ad-Hoc|ARM.ActiveCfg = Release|Any CPU
		{0B65C2D9-A170-4C8B-A598-CFAB9E38F150}.Ad-Hoc|iPhone.ActiveCfg = Release|Any CPU
		{0B65C2D9-A170-4C8B-A598-CFAB9E38F150}.Ad-Hoc|iPhoneSimulator.ActiveCfg = Release|Any CPU
		{0B65C2D9-A170-4C8B-A598-CFAB9E38F150}.Ad-Hoc|Mixed Platforms.ActiveCfg = Release|Any CPU
		{0B65C2D9-A170-4C8B-A598-CFAB9E38F150}.Ad-Hoc|Mixed Platforms.Build.0 = Release|Any CPU
		{0B65C2D9-A170-4C8B-A598-CFAB9E38F150}.Ad-Hoc|x64.ActiveCfg = Release|Any CPU
		{0B65C2D9-A170-4C8B-A598-CFAB9E38F150}.Ad-Hoc|x86.ActiveCfg = Release|Any CPU
		{0B65C2D9-A170-4C8B-A598-CFAB9E38F150}.AppStore|Any CPU.ActiveCfg = Release|Any CPU
		{0B65C2D9-A170-4C8B-A598-CFAB9E38F150}.AppStore|Any CPU.Build.0 = Release|Any CPU
		{0B65C2D9-A170-4C8B-A598-CFAB9E38F150}.AppStore|ARM.ActiveCfg = Release|Any CPU
		{0B65C2D9-A170-4C8B-A598-CFAB9E38F150}.AppStore|iPhone.ActiveCfg = Release|Any CPU
		{0B65C2D9-A170-4C8B-A598-CFAB9E38F150}.AppStore|iPhoneSimulator.ActiveCfg = Release|Any CPU
		{0B65C2D9-A170-4C8B-A598-CFAB9E38F150}.AppStore|Mixed Platforms.ActiveCfg = Release|Any CPU
		{0B65C2D9-A170-4C8B-A598-CFAB9E38F150}.AppStore|Mixed Platforms.Build.0 = Release|Any CPU
		{0B65C2D9-A170-4C8B-A598-CFAB9E38F150}.AppStore|x64.ActiveCfg = Release|Any CPU
		{0B65C2D9-A170-4C8B-A598-CFAB9E38F150}.AppStore|x86.ActiveCfg = Release|Any CPU
		{0B65C2D9-A170-4C8B-A598-CFAB9E38F150}.Debug|Any CPU.ActiveCfg = Debug|Any CPU
		{0B65C2D9-A170-4C8B-A598-CFAB9E38F150}.Debug|Any CPU.Build.0 = Debug|Any CPU
		{0B65C2D9-A170-4C8B-A598-CFAB9E38F150}.Debug|ARM.ActiveCfg = Debug|Any CPU
		{0B65C2D9-A170-4C8B-A598-CFAB9E38F150}.Debug|iPhone.ActiveCfg = Debug|Any CPU
		{0B65C2D9-A170-4C8B-A598-CFAB9E38F150}.Debug|iPhoneSimulator.ActiveCfg = Debug|Any CPU
		{0B65C2D9-A170-4C8B-A598-CFAB9E38F150}.Debug|Mixed Platforms.ActiveCfg = Debug|Any CPU
		{0B65C2D9-A170-4C8B-A598-CFAB9E38F150}.Debug|Mixed Platforms.Build.0 = Debug|Any CPU
		{0B65C2D9-A170-4C8B-A598-CFAB9E38F150}.Debug|x64.ActiveCfg = Debug|Any CPU
		{0B65C2D9-A170-4C8B-A598-CFAB9E38F150}.Debug|x86.ActiveCfg = Debug|Any CPU
		{0B65C2D9-A170-4C8B-A598-CFAB9E38F150}.Release|Any CPU.ActiveCfg = Release|Any CPU
		{0B65C2D9-A170-4C8B-A598-CFAB9E38F150}.Release|Any CPU.Build.0 = Release|Any CPU
		{0B65C2D9-A170-4C8B-A598-CFAB9E38F150}.Release|ARM.ActiveCfg = Release|Any CPU
		{0B65C2D9-A170-4C8B-A598-CFAB9E38F150}.Release|iPhone.ActiveCfg = Release|Any CPU
		{0B65C2D9-A170-4C8B-A598-CFAB9E38F150}.Release|iPhoneSimulator.ActiveCfg = Release|Any CPU
		{0B65C2D9-A170-4C8B-A598-CFAB9E38F150}.Release|Mixed Platforms.ActiveCfg = Release|Any CPU
		{0B65C2D9-A170-4C8B-A598-CFAB9E38F150}.Release|Mixed Platforms.Build.0 = Release|Any CPU
		{0B65C2D9-A170-4C8B-A598-CFAB9E38F150}.Release|x64.ActiveCfg = Release|Any CPU
		{0B65C2D9-A170-4C8B-A598-CFAB9E38F150}.Release|x86.ActiveCfg = Release|Any CPU
	EndGlobalSection
	GlobalSection(SolutionProperties) = preSolution
		HideSolutionNode = FALSE
	EndGlobalSection
	GlobalSection(NestedProjects) = preSolution
		{C35DDA36-12FA-40D1-9733-1F55CB9CC117} = {D03666C3-0716-45FE-A891-B51CC27D549A}
		{C93B16FE-2308-4760-AC9B-3BC4B4F61003} = {D03666C3-0716-45FE-A891-B51CC27D549A}
		{5CF1944F-371B-4C9B-9122-84156BA711E9} = {D03666C3-0716-45FE-A891-B51CC27D549A}
		{0B65C2D9-A170-4C8B-A598-CFAB9E38F150} = {D03666C3-0716-45FE-A891-B51CC27D549A}
	EndGlobalSection
EndGlobal
